// !$*UTF8*$!
{
	archiveVersion = 1;
	classes = {
	};
	objectVersion = 52;
	objects = {

/* Begin PBXBuildFile section */
		A787CCBF24D279C50030B1A8 /* AppDelegate.swift in Sources */ = {isa = PBXBuildFile; fileRef = A787CCBE24D279C50030B1A8 /* AppDelegate.swift */; };
		A787CCC124D279C50030B1A8 /* SceneDelegate.swift in Sources */ = {isa = PBXBuildFile; fileRef = A787CCC024D279C50030B1A8 /* SceneDelegate.swift */; };
		A787CCC324D279C50030B1A8 /* ContentView.swift in Sources */ = {isa = PBXBuildFile; fileRef = A787CCC224D279C50030B1A8 /* ContentView.swift */; };
		A787CCC524D279C70030B1A8 /* Assets.xcassets in Resources */ = {isa = PBXBuildFile; fileRef = A787CCC424D279C70030B1A8 /* Assets.xcassets */; };
		A787CCC824D279C80030B1A8 /* Preview Assets.xcassets in Resources */ = {isa = PBXBuildFile; fileRef = A787CCC724D279C80030B1A8 /* Preview Assets.xcassets */; };
		A787CCCB24D279C80030B1A8 /* LaunchScreen.storyboard in Resources */ = {isa = PBXBuildFile; fileRef = A787CCC924D279C80030B1A8 /* LaunchScreen.storyboard */; };
		A787CCD624D279C80030B1A8 /* _SegmentDisplayUITests.swift in Sources */ = {isa = PBXBuildFile; fileRef = A787CCD524D279C80030B1A8 /* _SegmentDisplayUITests.swift */; };
		A787CCE324D2A15B0030B1A8 /* Binary7SegmentCore in Frameworks */ = {isa = PBXBuildFile; productRef = A787CCE224D2A15B0030B1A8 /* Binary7SegmentCore */; };
		A787CCE524D2A3160030B1A8 /* Decimal7View.swift in Sources */ = {isa = PBXBuildFile; fileRef = A787CCE424D2A3160030B1A8 /* Decimal7View.swift */; };
/* End PBXBuildFile section */

/* Begin PBXContainerItemProxy section */
		A787CCD224D279C80030B1A8 /* PBXContainerItemProxy */ = {
			isa = PBXContainerItemProxy;
			containerPortal = A787CCB324D279C50030B1A8 /* Project object */;
			proxyType = 1;
			remoteGlobalIDString = A787CCBA24D279C50030B1A8;
			remoteInfo = 7SegmentDisplay;
		};
/* End PBXContainerItemProxy section */

/* Begin PBXFileReference section */
		A787CCBB24D279C50030B1A8 /* 7SegmentDisplay.app */ = {isa = PBXFileReference; explicitFileType = wrapper.application; includeInIndex = 0; path = 7SegmentDisplay.app; sourceTree = BUILT_PRODUCTS_DIR; };
		A787CCBE24D279C50030B1A8 /* AppDelegate.swift */ = {isa = PBXFileReference; lastKnownFileType = sourcecode.swift; path = AppDelegate.swift; sourceTree = "<group>"; };
		A787CCC024D279C50030B1A8 /* SceneDelegate.swift */ = {isa = PBXFileReference; lastKnownFileType = sourcecode.swift; path = SceneDelegate.swift; sourceTree = "<group>"; };
		A787CCC224D279C50030B1A8 /* ContentView.swift */ = {isa = PBXFileReference; lastKnownFileType = sourcecode.swift; path = ContentView.swift; sourceTree = "<group>"; };
		A787CCC424D279C70030B1A8 /* Assets.xcassets */ = {isa = PBXFileReference; lastKnownFileType = folder.assetcatalog; path = Assets.xcassets; sourceTree = "<group>"; };
		A787CCC724D279C80030B1A8 /* Preview Assets.xcassets */ = {isa = PBXFileReference; lastKnownFileType = folder.assetcatalog; path = "Preview Assets.xcassets"; sourceTree = "<group>"; };
		A787CCCA24D279C80030B1A8 /* Base */ = {isa = PBXFileReference; lastKnownFileType = file.storyboard; name = Base; path = Base.lproj/LaunchScreen.storyboard; sourceTree = "<group>"; };
		A787CCCC24D279C80030B1A8 /* Info.plist */ = {isa = PBXFileReference; lastKnownFileType = text.plist.xml; path = Info.plist; sourceTree = "<group>"; };
		A787CCD124D279C80030B1A8 /* 7SegmentDisplayUITests.xctest */ = {isa = PBXFileReference; explicitFileType = wrapper.cfbundle; includeInIndex = 0; path = 7SegmentDisplayUITests.xctest; sourceTree = BUILT_PRODUCTS_DIR; };
		A787CCD524D279C80030B1A8 /* _SegmentDisplayUITests.swift */ = {isa = PBXFileReference; lastKnownFileType = sourcecode.swift; path = _SegmentDisplayUITests.swift; sourceTree = "<group>"; };
		A787CCD724D279C80030B1A8 /* Info.plist */ = {isa = PBXFileReference; lastKnownFileType = text.plist.xml; path = Info.plist; sourceTree = "<group>"; };
		A787CCE024D27A0E0030B1A8 /* Binary7SegmentCore */ = {isa = PBXFileReference; lastKnownFileType = folder; path = Binary7SegmentCore; sourceTree = "<group>"; };
		A787CCE424D2A3160030B1A8 /* Decimal7View.swift */ = {isa = PBXFileReference; lastKnownFileType = sourcecode.swift; path = Decimal7View.swift; sourceTree = "<group>"; };
		A787CCE624D2B6060030B1A8 /* README.md */ = {isa = PBXFileReference; lastKnownFileType = net.daringfireball.markdown; path = README.md; sourceTree = "<group>"; };
		A787CCE724D2B6BB0030B1A8 /* demo.gif */ = {isa = PBXFileReference; lastKnownFileType = image.gif; path = demo.gif; sourceTree = "<group>"; };
/* End PBXFileReference section */

/* Begin PBXFrameworksBuildPhase section */
		A787CCB824D279C50030B1A8 /* Frameworks */ = {
			isa = PBXFrameworksBuildPhase;
			buildActionMask = 2147483647;
			files = (
				A787CCE324D2A15B0030B1A8 /* Binary7SegmentCore in Frameworks */,
			);
			runOnlyForDeploymentPostprocessing = 0;
		};
		A787CCCE24D279C80030B1A8 /* Frameworks */ = {
			isa = PBXFrameworksBuildPhase;
			buildActionMask = 2147483647;
			files = (
			);
			runOnlyForDeploymentPostprocessing = 0;
		};
/* End PBXFrameworksBuildPhase section */

/* Begin PBXGroup section */
		A787CCB224D279C50030B1A8 = {
			isa = PBXGroup;
			children = (
				A787CCE624D2B6060030B1A8 /* README.md */,
				A787CCE724D2B6BB0030B1A8 /* demo.gif */,
				A787CCE024D27A0E0030B1A8 /* Binary7SegmentCore */,
				A787CCBD24D279C50030B1A8 /* 7SegmentDisplay */,
				A787CCD424D279C80030B1A8 /* 7SegmentDisplayUITests */,
				A787CCBC24D279C50030B1A8 /* Products */,
				A787CCE124D2A15B0030B1A8 /* Frameworks */,
			);
			sourceTree = "<group>";
		};
		A787CCBC24D279C50030B1A8 /* Products */ = {
			isa = PBXGroup;
			children = (
				A787CCBB24D279C50030B1A8 /* 7SegmentDisplay.app */,
				A787CCD124D279C80030B1A8 /* 7SegmentDisplayUITests.xctest */,
			);
			name = Products;
			sourceTree = "<group>";
		};
		A787CCBD24D279C50030B1A8 /* 7SegmentDisplay */ = {
			isa = PBXGroup;
			children = (
				A787CCBE24D279C50030B1A8 /* AppDelegate.swift */,
				A787CCC024D279C50030B1A8 /* SceneDelegate.swift */,
				A787CCC224D279C50030B1A8 /* ContentView.swift */,
				A787CCE424D2A3160030B1A8 /* Decimal7View.swift */,
				A787CCC424D279C70030B1A8 /* Assets.xcassets */,
				A787CCC924D279C80030B1A8 /* LaunchScreen.storyboard */,
				A787CCCC24D279C80030B1A8 /* Info.plist */,
				A787CCC624D279C80030B1A8 /* Preview Content */,
			);
			path = 7SegmentDisplay;
			sourceTree = "<group>";
		};
		A787CCC624D279C80030B1A8 /* Preview Content */ = {
			isa = PBXGroup;
			children = (
				A787CCC724D279C80030B1A8 /* Preview Assets.xcassets */,
			);
			path = "Preview Content";
			sourceTree = "<group>";
		};
		A787CCD424D279C80030B1A8 /* 7SegmentDisplayUITests */ = {
			isa = PBXGroup;
			children = (
				A787CCD524D279C80030B1A8 /* _SegmentDisplayUITests.swift */,
				A787CCD724D279C80030B1A8 /* Info.plist */,
			);
			path = 7SegmentDisplayUITests;
			sourceTree = "<group>";
		};
		A787CCE124D2A15B0030B1A8 /* Frameworks */ = {
			isa = PBXGroup;
			children = (
			);
			name = Frameworks;
			sourceTree = "<group>";
		};
/* End PBXGroup section */

/* Begin PBXNativeTarget section */
		A787CCBA24D279C50030B1A8 /* 7SegmentDisplay */ = {
			isa = PBXNativeTarget;
			buildConfigurationList = A787CCDA24D279C80030B1A8 /* Build configuration list for PBXNativeTarget "7SegmentDisplay" */;
			buildPhases = (
				A787CCB724D279C50030B1A8 /* Sources */,
				A787CCB824D279C50030B1A8 /* Frameworks */,
				A787CCB924D279C50030B1A8 /* Resources */,
			);
			buildRules = (
			);
			dependencies = (
			);
			name = 7SegmentDisplay;
			packageProductDependencies = (
				A787CCE224D2A15B0030B1A8 /* Binary7SegmentCore */,
			);
			productName = 7SegmentDisplay;
			productReference = A787CCBB24D279C50030B1A8 /* 7SegmentDisplay.app */;
			productType = "com.apple.product-type.application";
		};
		A787CCD024D279C80030B1A8 /* 7SegmentDisplayUITests */ = {
			isa = PBXNativeTarget;
			buildConfigurationList = A787CCDD24D279C80030B1A8 /* Build configuration list for PBXNativeTarget "7SegmentDisplayUITests" */;
			buildPhases = (
				A787CCCD24D279C80030B1A8 /* Sources */,
				A787CCCE24D279C80030B1A8 /* Frameworks */,
				A787CCCF24D279C80030B1A8 /* Resources */,
			);
			buildRules = (
			);
			dependencies = (
				A787CCD324D279C80030B1A8 /* PBXTargetDependency */,
			);
			name = 7SegmentDisplayUITests;
			productName = 7SegmentDisplayUITests;
			productReference = A787CCD124D279C80030B1A8 /* 7SegmentDisplayUITests.xctest */;
			productType = "com.apple.product-type.bundle.ui-testing";
		};
/* End PBXNativeTarget section */

/* Begin PBXProject section */
		A787CCB324D279C50030B1A8 /* Project object */ = {
			isa = PBXProject;
			attributes = {
				LastSwiftUpdateCheck = 1150;
				LastUpgradeCheck = 1150;
				ORGANIZATIONNAME = "游宗諭";
				TargetAttributes = {
					A787CCBA24D279C50030B1A8 = {
						CreatedOnToolsVersion = 11.5;
					};
					A787CCD024D279C80030B1A8 = {
						CreatedOnToolsVersion = 11.5;
						TestTargetID = A787CCBA24D279C50030B1A8;
					};
				};
			};
			buildConfigurationList = A787CCB624D279C50030B1A8 /* Build configuration list for PBXProject "7SegmentDisplay" */;
			compatibilityVersion = "Xcode 9.3";
			developmentRegion = en;
			hasScannedForEncodings = 0;
			knownRegions = (
				en,
				Base,
			);
			mainGroup = A787CCB224D279C50030B1A8;
			productRefGroup = A787CCBC24D279C50030B1A8 /* Products */;
			projectDirPath = "";
			projectRoot = "";
			targets = (
				A787CCBA24D279C50030B1A8 /* 7SegmentDisplay */,
				A787CCD024D279C80030B1A8 /* 7SegmentDisplayUITests */,
			);
		};
/* End PBXProject section */

/* Begin PBXResourcesBuildPhase section */
		A787CCB924D279C50030B1A8 /* Resources */ = {
			isa = PBXResourcesBuildPhase;
			buildActionMask = 2147483647;
			files = (
				A787CCCB24D279C80030B1A8 /* LaunchScreen.storyboard in Resources */,
				A787CCC824D279C80030B1A8 /* Preview Assets.xcassets in Resources */,
				A787CCC524D279C70030B1A8 /* Assets.xcassets in Resources */,
			);
			runOnlyForDeploymentPostprocessing = 0;
		};
		A787CCCF24D279C80030B1A8 /* Resources */ = {
			isa = PBXResourcesBuildPhase;
			buildActionMask = 2147483647;
			files = (
			);
			runOnlyForDeploymentPostprocessing = 0;
		};
/* End PBXResourcesBuildPhase section */

/* Begin PBXSourcesBuildPhase section */
		A787CCB724D279C50030B1A8 /* Sources */ = {
			isa = PBXSourcesBuildPhase;
			buildActionMask = 2147483647;
			files = (
				A787CCBF24D279C50030B1A8 /* AppDelegate.swift in Sources */,
				A787CCC124D279C50030B1A8 /* SceneDelegate.swift in Sources */,
				A787CCE524D2A3160030B1A8 /* Decimal7View.swift in Sources */,
				A787CCC324D279C50030B1A8 /* ContentView.swift in Sources */,
			);
			runOnlyForDeploymentPostprocessing = 0;
		};
		A787CCCD24D279C80030B1A8 /* Sources */ = {
			isa = PBXSourcesBuildPhase;
			buildActionMask = 2147483647;
			files = (
				A787CCD624D279C80030B1A8 /* _SegmentDisplayUITests.swift in Sources */,
			);
			runOnlyForDeploymentPostprocessing = 0;
		};
/* End PBXSourcesBuildPhase section */

/* Begin PBXTargetDependency section */
		A787CCD324D279C80030B1A8 /* PBXTargetDependency */ = {
			isa = PBXTargetDependency;
			target = A787CCBA24D279C50030B1A8 /* 7SegmentDisplay */;
			targetProxy = A787CCD224D279C80030B1A8 /* PBXContainerItemProxy */;
		};
/* End PBXTargetDependency section */

/* Begin PBXVariantGroup section */
		A787CCC924D279C80030B1A8 /* LaunchScreen.storyboard */ = {
			isa = PBXVariantGroup;
			children = (
				A787CCCA24D279C80030B1A8 /* Base */,
			);
			name = LaunchScreen.storyboard;
			sourceTree = "<group>";
		};
/* End PBXVariantGroup section */

/* Begin XCBuildConfiguration section */
		A787CCD824D279C80030B1A8 /* Debug */ = {
			isa = XCBuildConfiguration;
			buildSettings = {
				ALWAYS_SEARCH_USER_PATHS = NO;
				CLANG_ANALYZER_NONNULL = YES;
				CLANG_ANALYZER_NUMBER_OBJECT_CONVERSION = YES_AGGRESSIVE;
				CLANG_CXX_LANGUAGE_STANDARD = "gnu++14";
				CLANG_CXX_LIBRARY = "libc++";
				CLANG_ENABLE_MODULES = YES;
				CLANG_ENABLE_OBJC_ARC = YES;
				CLANG_ENABLE_OBJC_WEAK = YES;
				CLANG_WARN_BLOCK_CAPTURE_AUTORELEASING = YES;
				CLANG_WARN_BOOL_CONVERSION = YES;
				CLANG_WARN_COMMA = YES;
				CLANG_WARN_CONSTANT_CONVERSION = YES;
				CLANG_WARN_DEPRECATED_OBJC_IMPLEMENTATIONS = YES;
				CLANG_WARN_DIRECT_OBJC_ISA_USAGE = YES_ERROR;
				CLANG_WARN_DOCUMENTATION_COMMENTS = YES;
				CLANG_WARN_EMPTY_BODY = YES;
				CLANG_WARN_ENUM_CONVERSION = YES;
				CLANG_WARN_INFINITE_RECURSION = YES;
				CLANG_WARN_INT_CONVERSION = YES;
				CLANG_WARN_NON_LITERAL_NULL_CONVERSION = YES;
				CLANG_WARN_OBJC_IMPLICIT_RETAIN_SELF = YES;
				CLANG_WARN_OBJC_LITERAL_CONVERSION = YES;
				CLANG_WARN_OBJC_ROOT_CLASS = YES_ERROR;
				CLANG_WARN_RANGE_LOOP_ANALYSIS = YES;
				CLANG_WARN_STRICT_PROTOTYPES = YES;
				CLANG_WARN_SUSPICIOUS_MOVE = YES;
				CLANG_WARN_UNGUARDED_AVAILABILITY = YES_AGGRESSIVE;
				CLANG_WARN_UNREACHABLE_CODE = YES;
				CLANG_WARN__DUPLICATE_METHOD_MATCH = YES;
				COPY_PHASE_STRIP = NO;
				DEBUG_INFORMATION_FORMAT = dwarf;
				ENABLE_STRICT_OBJC_MSGSEND = YES;
				ENABLE_TESTABILITY = YES;
				GCC_C_LANGUAGE_STANDARD = gnu11;
				GCC_DYNAMIC_NO_PIC = NO;
				GCC_NO_COMMON_BLOCKS = YES;
				GCC_OPTIMIZATION_LEVEL = 0;
				GCC_PREPROCESSOR_DEFINITIONS = (
					"DEBUG=1",
					"$(inherited)",
				);
				GCC_WARN_64_TO_32_BIT_CONVERSION = YES;
				GCC_WARN_ABOUT_RETURN_TYPE = YES_ERROR;
				GCC_WARN_UNDECLARED_SELECTOR = YES;
				GCC_WARN_UNINITIALIZED_AUTOS = YES_AGGRESSIVE;
				GCC_WARN_UNUSED_FUNCTION = YES;
				GCC_WARN_UNUSED_VARIABLE = YES;
				IPHONEOS_DEPLOYMENT_TARGET = 13.5;
				MTL_ENABLE_DEBUG_INFO = INCLUDE_SOURCE;
				MTL_FAST_MATH = YES;
				ONLY_ACTIVE_ARCH = YES;
				SDKROOT = iphoneos;
				SWIFT_ACTIVE_COMPILATION_CONDITIONS = DEBUG;
				SWIFT_OPTIMIZATION_LEVEL = "-Onone";
			};
			name = Debug;
		};
		A787CCD924D279C80030B1A8 /* Release */ = {
			isa = XCBuildConfiguration;
			buildSettings = {
				ALWAYS_SEARCH_USER_PATHS = NO;
				CLANG_ANALYZER_NONNULL = YES;
				CLANG_ANALYZER_NUMBER_OBJECT_CONVERSION = YES_AGGRESSIVE;
				CLANG_CXX_LANGUAGE_STANDARD = "gnu++14";
				CLANG_CXX_LIBRARY = "libc++";
				CLANG_ENABLE_MODULES = YES;
				CLANG_ENABLE_OBJC_ARC = YES;
				CLANG_ENABLE_OBJC_WEAK = YES;
				CLANG_WARN_BLOCK_CAPTURE_AUTORELEASING = YES;
				CLANG_WARN_BOOL_CONVERSION = YES;
				CLANG_WARN_COMMA = YES;
				CLANG_WARN_CONSTANT_CONVERSION = YES;
				CLANG_WARN_DEPRECATED_OBJC_IMPLEMENTATIONS = YES;
				CLANG_WARN_DIRECT_OBJC_ISA_USAGE = YES_ERROR;
				CLANG_WARN_DOCUMENTATION_COMMENTS = YES;
				CLANG_WARN_EMPTY_BODY = YES;
				CLANG_WARN_ENUM_CONVERSION = YES;
				CLANG_WARN_INFINITE_RECURSION = YES;
				CLANG_WARN_INT_CONVERSION = YES;
				CLANG_WARN_NON_LITERAL_NULL_CONVERSION = YES;
				CLANG_WARN_OBJC_IMPLICIT_RETAIN_SELF = YES;
				CLANG_WARN_OBJC_LITERAL_CONVERSION = YES;
				CLANG_WARN_OBJC_ROOT_CLASS = YES_ERROR;
				CLANG_WARN_RANGE_LOOP_ANALYSIS = YES;
				CLANG_WARN_STRICT_PROTOTYPES = YES;
				CLANG_WARN_SUSPICIOUS_MOVE = YES;
				CLANG_WARN_UNGUARDED_AVAILABILITY = YES_AGGRESSIVE;
				CLANG_WARN_UNREACHABLE_CODE = YES;
				CLANG_WARN__DUPLICATE_METHOD_MATCH = YES;
				COPY_PHASE_STRIP = NO;
				DEBUG_INFORMATION_FORMAT = "dwarf-with-dsym";
				ENABLE_NS_ASSERTIONS = NO;
				ENABLE_STRICT_OBJC_MSGSEND = YES;
				GCC_C_LANGUAGE_STANDARD = gnu11;
				GCC_NO_COMMON_BLOCKS = YES;
				GCC_WARN_64_TO_32_BIT_CONVERSION = YES;
				GCC_WARN_ABOUT_RETURN_TYPE = YES_ERROR;
				GCC_WARN_UNDECLARED_SELECTOR = YES;
				GCC_WARN_UNINITIALIZED_AUTOS = YES_AGGRESSIVE;
				GCC_WARN_UNUSED_FUNCTION = YES;
				GCC_WARN_UNUSED_VARIABLE = YES;
				IPHONEOS_DEPLOYMENT_TARGET = 13.5;
				MTL_ENABLE_DEBUG_INFO = NO;
				MTL_FAST_MATH = YES;
				SDKROOT = iphoneos;
				SWIFT_COMPILATION_MODE = wholemodule;
				SWIFT_OPTIMIZATION_LEVEL = "-O";
				VALIDATE_PRODUCT = YES;
			};
			name = Release;
		};
		A787CCDB24D279C80030B1A8 /* Debug */ = {
			isa = XCBuildConfiguration;
			buildSettings = {
				ASSETCATALOG_COMPILER_APPICON_NAME = AppIcon;
				CODE_SIGN_STYLE = Automatic;
				DEVELOPMENT_ASSET_PATHS = "\"7SegmentDisplay/Preview Content\"";
				DEVELOPMENT_TEAM = 3AMPL46LPV;
				ENABLE_PREVIEWS = YES;
				INFOPLIST_FILE = 7SegmentDisplay/Info.plist;
				LD_RUNPATH_SEARCH_PATHS = (
					"$(inherited)",
					"@executable_path/Frameworks",
				);
				PRODUCT_BUNDLE_IDENTIFIER = "com.ytyubox.-SegmentDisplay";
				PRODUCT_NAME = "$(TARGET_NAME)";
				SWIFT_VERSION = 5.0;
				TARGETED_DEVICE_FAMILY = "1,2";
			};
			name = Debug;
		};
		A787CCDC24D279C80030B1A8 /* Release */ = {
			isa = XCBuildConfiguration;
			buildSettings = {
				ASSETCATALOG_COMPILER_APPICON_NAME = AppIcon;
				CODE_SIGN_STYLE = Automatic;
				DEVELOPMENT_ASSET_PATHS = "\"7SegmentDisplay/Preview Content\"";
				DEVELOPMENT_TEAM = 3AMPL46LPV;
				ENABLE_PREVIEWS = YES;
				INFOPLIST_FILE = 7SegmentDisplay/Info.plist;
				LD_RUNPATH_SEARCH_PATHS = (
					"$(inherited)",
					"@executable_path/Frameworks",
				);
				PRODUCT_BUNDLE_IDENTIFIER = "com.ytyubox.-SegmentDisplay";
				PRODUCT_NAME = "$(TARGET_NAME)";
				SWIFT_VERSION = 5.0;
				TARGETED_DEVICE_FAMILY = "1,2";
			};
			name = Release;
		};
		A787CCDE24D279C80030B1A8 /* Debug */ = {
			isa = XCBuildConfiguration;
			buildSettings = {
				ALWAYS_EMBED_SWIFT_STANDARD_LIBRARIES = YES;
				CODE_SIGN_STYLE = Automatic;
				DEVELOPMENT_TEAM = 3AMPL46LPV;
				INFOPLIST_FILE = 7SegmentDisplayUITests/Info.plist;
				LD_RUNPATH_SEARCH_PATHS = (
					"$(inherited)",
					"@executable_path/Frameworks",
					"@loader_path/Frameworks",
				);
				PRODUCT_BUNDLE_IDENTIFIER = "com.ytyubox.-SegmentDisplayUITests";
				PRODUCT_NAME = "$(TARGET_NAME)";
				SWIFT_VERSION = 5.0;
				TARGETED_DEVICE_FAMILY = "1,2";
				TEST_TARGET_NAME = 7SegmentDisplay;
			};
			name = Debug;
		};
		A787CCDF24D279C80030B1A8 /* Release */ = {
			isa = XCBuildConfiguration;
			buildSettings = {
				ALWAYS_EMBED_SWIFT_STANDARD_LIBRARIES = YES;
				CODE_SIGN_STYLE = Automatic;
				DEVELOPMENT_TEAM = 3AMPL46LPV;
				INFOPLIST_FILE = 7SegmentDisplayUITests/Info.plist;
				LD_RUNPATH_SEARCH_PATHS = (
					"$(inherited)",
					"@executable_path/Frameworks",
					"@loader_path/Frameworks",
				);
				PRODUCT_BUNDLE_IDENTIFIER = "com.ytyubox.-SegmentDisplayUITests";
				PRODUCT_NAME = "$(TARGET_NAME)";
				SWIFT_VERSION = 5.0;
				TARGETED_DEVICE_FAMILY = "1,2";
				TEST_TARGET_NAME = 7SegmentDisplay;
			};
			name = Release;
		};
/* End XCBuildConfiguration section */

/* Begin XCConfigurationList section */
		A787CCB624D279C50030B1A8 /* Build configuration list for PBXProject "7SegmentDisplay" */ = {
			isa = XCConfigurationList;
			buildConfigurations = (
				A787CCD824D279C80030B1A8 /* Debug */,
				A787CCD924D279C80030B1A8 /* Release */,
			);
			defaultConfigurationIsVisible = 0;
			defaultConfigurationName = Release;
		};
		A787CCDA24D279C80030B1A8 /* Build configuration list for PBXNativeTarget "7SegmentDisplay" */ = {
			isa = XCConfigurationList;
			buildConfigurations = (
				A787CCDB24D279C80030B1A8 /* Debug */,
				A787CCDC24D279C80030B1A8 /* Release */,
			);
			defaultConfigurationIsVisible = 0;
			defaultConfigurationName = Release;
		};
		A787CCDD24D279C80030B1A8 /* Build configuration list for PBXNativeTarget "7SegmentDisplayUITests" */ = {
			isa = XCConfigurationList;
			buildConfigurations = (
				A787CCDE24D279C80030B1A8 /* Debug */,
				A787CCDF24D279C80030B1A8 /* Release */,
			);
			defaultConfigurationIsVisible = 0;
			defaultConfigurationName = Release;
		};
/* End XCConfigurationList section */

/* Begin XCSwiftPackageProductDependency section */
		A787CCE224D2A15B0030B1A8 /* Binary7SegmentCore */ = {
			isa = XCSwiftPackageProductDependency;
			productName = Binary7SegmentCore;
		};
/* End XCSwiftPackageProductDependency section */
	};
	rootObject = A787CCB324D279C50030B1A8 /* Project object */;
}
